{
  "requires": true,
  "lockfileVersion": 1,
  "dependencies": {
    "agent-base": {
      "version": "6.0.2",
      "resolved": "https://registry.nlark.com/agent-base/download/agent-base-6.0.2.tgz",
      "integrity": "sha1-Sf/1hXfP7j83F2/qtMIuAPhtf3c=",
      "requires": {
        "debug": "4"
      }
    },
    "asn1.js": {
      "version": "5.4.1",
      "resolved": "https://registry.npm.taobao.org/asn1.js/download/asn1.js-5.4.1.tgz",
      "integrity": "sha1-EamAuE67kXgc41sP3C7ilON4Pwc=",
      "requires": {
        "bn.js": "^4.0.0",
        "inherits": "^2.0.1",
        "minimalistic-assert": "^1.0.0",
        "safer-buffer": "^2.1.0"
      }
    },
    "asn1.js-rfc2560": {
      "version": "5.0.1",
      "resolved": "https://registry.npm.taobao.org/asn1.js-rfc2560/download/asn1.js-rfc2560-5.0.1.tgz",
      "integrity": "sha1-z/mbkD5xR1aylQOtSd4Bxy8THmA=",
      "requires": {
        "asn1.js-rfc5280": "^3.0.0"
      }
    },
    "asn1.js-rfc5280": {
      "version": "3.0.0",
      "resolved": "https://registry.nlark.com/asn1.js-rfc5280/download/asn1.js-rfc5280-3.0.0.tgz",
      "integrity": "sha1-lOYEmNXUmEuELRqCVIWDdXTMyQI=",
      "requires": {
        "asn1.js": "^5.0.0"
      }
    },
    "async": {
      "version": "3.2.1",
      "resolved": "https://registry.nlark.com/async/download/async-3.2.1.tgz?cache=0&other_urls=https%3A%2F%2Fregistry.nlark.com%2Fasync%2Fdownload%2Fasync-3.2.1.tgz",
      "integrity": "sha1-0ydOxm0QekdHakxJE2qs2wBmX8g="
    },
    "async-disk-cache": {
      "version": "2.1.0",
      "resolved": "https://registry.nlark.com/async-disk-cache/download/async-disk-cache-2.1.0.tgz",
      "integrity": "sha1-4PN7GH7YxBpZkVGKlVbSBq4oQ6I=",
      "requires": {
        "debug": "^4.1.1",
        "heimdalljs": "^0.2.3",
        "istextorbinary": "^2.5.1",
        "mkdirp": "^0.5.0",
        "rimraf": "^3.0.0",
        "rsvp": "^4.8.5",
        "username-sync": "^1.0.2"
      }
    },
    "balanced-match": {
      "version": "1.0.2",
      "resolved": "https://registry.nlark.com/balanced-match/download/balanced-match-1.0.2.tgz",
      "integrity": "sha1-6D46fj8wCzTLnYf2FfoMvzV2kO4="
    },
    "bent": {
      "version": "7.3.12",
      "resolved": "https://registry.npm.taobao.org/bent/download/bent-7.3.12.tgz?cache=0&sync_timestamp=1602306524979&other_urls=https%3A%2F%2Fregistry.npm.taobao.org%2Fbent%2Fdownload%2Fbent-7.3.12.tgz",
      "integrity": "sha1-4KJ3XUQl52dMZLeLJCr09J2msDU=",
      "requires": {
        "bytesish": "^0.4.1",
        "caseless": "~0.12.0",
        "is-stream": "^2.0.0"
      }
    },
    "binaryextensions": {
      "version": "2.3.0",
      "resolved": "https://registry.nlark.com/binaryextensions/download/binaryextensions-2.3.0.tgz",
      "integrity": "sha1-HSacv35iQ+qIaqQUU8NlHMvhPCI="
    },
    "bn.js": {
      "version": "4.12.0",
      "resolved": "https://registry.npm.taobao.org/bn.js/download/bn.js-4.12.0.tgz",
      "integrity": "sha1-d1s/J477uXGO7HNh9IP7Nvu/6og="
    },
    "brace-expansion": {
      "version": "1.1.11",
      "resolved": "https://registry.nlark.com/brace-expansion/download/brace-expansion-1.1.11.tgz",
      "integrity": "sha1-PH/L9SnYcibz0vUrlm/1Jx60Qd0=",
      "requires": {
        "balanced-match": "^1.0.0",
        "concat-map": "0.0.1"
      }
    },
    "bytesish": {
      "version": "0.4.4",
      "resolved": "https://registry.nlark.com/bytesish/download/bytesish-0.4.4.tgz",
      "integrity": "sha1-87U1oPEVN0dCeu4nJWdIz/kjR+Y="
    },
    "caseless": {
      "version": "0.12.0",
      "resolved": "https://registry.nlark.com/caseless/download/caseless-0.12.0.tgz",
      "integrity": "sha1-G2gcIf+EAzyCZUMJBolCDRhxUdw="
    },
    "concat-map": {
      "version": "0.0.1",
      "resolved": "https://registry.npm.taobao.org/concat-map/download/concat-map-0.0.1.tgz",
      "integrity": "sha1-2Klr13/Wjfd5OnMDajug1UBdR3s="
    },
    "debug": {
      "version": "4.3.2",
      "resolved": "https://registry.nlark.com/debug/download/debug-4.3.2.tgz?cache=0&sync_timestamp=1625374675284&other_urls=https%3A%2F%2Fregistry.nlark.com%2Fdebug%2Fdownload%2Fdebug-4.3.2.tgz",
      "integrity": "sha1-8KScGKyHeeMdSgxgKd+3aHPHQos=",
      "requires": {
        "ms": "2.1.2"
      }
    },
    "editions": {
      "version": "2.3.1",
      "resolved": "https://registry.nlark.com/editions/download/editions-2.3.1.tgz",
      "integrity": "sha1-O8mWLxl46AExL70K6/7WO0m/5pg=",
      "requires": {
        "errlop": "^2.0.0",
        "semver": "^6.3.0"
      }
    },
    "errlop": {
      "version": "2.2.0",
      "resolved": "https://registry.nlark.com/errlop/download/errlop-2.2.0.tgz?cache=0&other_urls=https%3A%2F%2Fregistry.nlark.com%2Ferrlop%2Fdownload%2Ferrlop-2.2.0.tgz",
      "integrity": "sha1-H/OD+PkXrjKL67gC1sppZmpC0hs="
    },
    "ffmpeg": {
      "version": "0.0.4",
      "resolved": "https://registry.npm.taobao.org/ffmpeg/download/ffmpeg-0.0.4.tgz",
      "integrity": "sha1-HEYN+OfaUSf2LO70v6BsWciWMMs=",
      "requires": {
        "when": ">= 0.0.1"
      }
    },
    "fluent-ffmpeg": {
      "version": "2.1.2",
      "resolved": "https://registry.npm.taobao.org/fluent-ffmpeg/download/fluent-ffmpeg-2.1.2.tgz",
      "integrity": "sha1-yVLeIkD4EuvaCqgAbXd27irPfXQ=",
      "requires": {
        "async": ">=0.2.9",
        "which": "^1.1.1"
      }
    },
    "fs.realpath": {
      "version": "1.0.0",
      "resolved": "https://registry.nlark.com/fs.realpath/download/fs.realpath-1.0.0.tgz",
      "integrity": "sha1-FQStJSMVjKpA20onh8sBQRmU6k8="
    },
    "glob": {
      "version": "7.1.7",
      "resolved": "https://registry.nlark.com/glob/download/glob-7.1.7.tgz?cache=0&sync_timestamp=1620337382269&other_urls=https%3A%2F%2Fregistry.nlark.com%2Fglob%2Fdownload%2Fglob-7.1.7.tgz",
      "integrity": "sha1-Oxk+kjPwHULQs/eClLvutBj5SpA=",
      "requires": {
        "fs.realpath": "^1.0.0",
        "inflight": "^1.0.4",
        "inherits": "2",
        "minimatch": "^3.0.4",
        "once": "^1.3.0",
        "path-is-absolute": "^1.0.0"
      }
    },
    "heimdalljs": {
      "version": "0.2.6",
      "resolved": "https://registry.npm.taobao.org/heimdalljs/download/heimdalljs-0.2.6.tgz",
      "integrity": "sha1-sO66vEEoE665VC+cxiLLWNvc2f4=",
      "requires": {
        "rsvp": "~3.2.1"
      },
      "dependencies": {
        "rsvp": {
          "version": "3.2.1",
          "resolved": "https://registry.npm.taobao.org/rsvp/download/rsvp-3.2.1.tgz",
          "integrity": "sha1-B8tKXfJa3Z6Cbrxn3Mn9idsn2Eo="
        }
      }
    },
    "https-proxy-agent": {
      "version": "4.0.0",
      "resolved": "https://registry.npm.taobao.org/https-proxy-agent/download/https-proxy-agent-4.0.0.tgz",
      "integrity": "sha1-cCtx+1UgoTKmbeH2dUHZ5iFU2Cs=",
      "requires": {
        "agent-base": "5",
        "debug": "4"
      },
      "dependencies": {
        "agent-base": {
          "version": "5.1.1",
          "resolved": "https://registry.nlark.com/agent-base/download/agent-base-5.1.1.tgz",
          "integrity": "sha1-6Ps/JClZ20TWO+Zl23qOc5U3oyw="
        }
      }
    },
    "inflight": {
      "version": "1.0.6",
      "resolved": "https://registry.nlark.com/inflight/download/inflight-1.0.6.tgz",
      "integrity": "sha1-Sb1jMdfQLQwJvJEKEHW6gWW1bfk=",
      "requires": {
        "once": "^1.3.0",
        "wrappy": "1"
      }
    },
    "inherits": {
      "version": "2.0.4",
      "resolved": "https://registry.nlark.com/inherits/download/inherits-2.0.4.tgz",
      "integrity": "sha1-D6LGT5MpF8NDOg3tVTY6rjdBa3w="
    },
    "is-stream": {
      "version": "2.0.1",
      "resolved": "https://registry.nlark.com/is-stream/download/is-stream-2.0.1.tgz",
      "integrity": "sha1-+sHj1TuXrVqdCunO8jifWBClwHc="
    },
    "isexe": {
      "version": "2.0.0",
      "resolved": "https://registry.npm.taobao.org/isexe/download/isexe-2.0.0.tgz",
      "integrity": "sha1-6PvzdNxVb/iUehDcsFctYz8s+hA="
    },
    "istextorbinary": {
      "version": "2.6.0",
      "resolved": "https://registry.nlark.com/istextorbinary/download/istextorbinary-2.6.0.tgz?cache=0&sync_timestamp=1627748914140&other_urls=https%3A%2F%2Fregistry.nlark.com%2Fistextorbinary%2Fdownload%2Fistextorbinary-2.6.0.tgz",
      "integrity": "sha1-YHdjFfsPo5ma3SdsAsaVV7nKKKs=",
      "requires": {
        "binaryextensions": "^2.1.2",
        "editions": "^2.2.0",
        "textextensions": "^2.5.0"
      }
    },
    "microsoft-cognitiveservices-speech-sdk": {
      "version": "1.18.1",
      "resolved": "https://registry.nlark.com/microsoft-cognitiveservices-speech-sdk/download/microsoft-cognitiveservices-speech-sdk-1.18.1.tgz",
      "integrity": "sha1-RL5CV2J/uq5babFu1R9JDRP999o=",
      "requires": {
        "agent-base": "^6.0.1",
        "asn1.js-rfc2560": "^5.0.1",
        "asn1.js-rfc5280": "^3.0.0",
        "async-disk-cache": "^2.1.0",
        "bent": "^7.3.12",
        "https-proxy-agent": "^4.0.0",
        "simple-lru-cache": "0.0.2",
        "url-parse": "^1.4.7",
        "uuid": "^3.3.3",
        "ws": "^7.3.1"
      }
    },
    "minimalistic-assert": {
      "version": "1.0.1",
      "resolved": "https://registry.npm.taobao.org/minimalistic-assert/download/minimalistic-assert-1.0.1.tgz",
      "integrity": "sha1-LhlN4ERibUoQ5/f7wAznPoPk1cc="
    },
    "minimatch": {
      "version": "3.0.4",
      "resolved": "https://registry.nlark.com/minimatch/download/minimatch-3.0.4.tgz",
      "integrity": "sha1-UWbihkV/AzBgZL5Ul+jbsMPTIIM=",
      "requires": {
        "brace-expansion": "^1.1.7"
      }
    },
    "minimist": {
      "version": "1.2.5",
      "resolved": "https://registry.nlark.com/minimist/download/minimist-1.2.5.tgz?cache=0&sync_timestamp=1618847003091&other_urls=https%3A%2F%2Fregistry.nlark.com%2Fminimist%2Fdownload%2Fminimist-1.2.5.tgz",
      "integrity": "sha1-Z9ZgFLZqaoqqDAg8X9WN9OTpdgI="
    },
    "mkdirp": {
      "version": "0.5.5",
      "resolved": "https://registry.nlark.com/mkdirp/download/mkdirp-0.5.5.tgz",
      "integrity": "sha1-2Rzv1i0UNsoPQWIOJRKI1CAJne8=",
      "requires": {
        "minimist": "^1.2.5"
      }
    },
    "ms": {
      "version": "2.1.2",
      "resolved": "https://registry.npm.taobao.org/ms/download/ms-2.1.2.tgz?cache=0&sync_timestamp=1607433872491&other_urls=https%3A%2F%2Fregistry.npm.taobao.org%2Fms%2Fdownload%2Fms-2.1.2.tgz",
      "integrity": "sha1-0J0fNXtEP0kzgqjrPM0YOHKuYAk="
    },
    "once": {
      "version": "1.4.0",
      "resolved": "https://registry.nlark.com/once/download/once-1.4.0.tgz",
      "integrity": "sha1-WDsap3WWHUsROsF9nFC6753Xa9E=",
      "requires": {
        "wrappy": "1"
      }
    },
    "path-is-absolute": {
      "version": "1.0.1",
      "resolved": "https://registry.nlark.com/path-is-absolute/download/path-is-absolute-1.0.1.tgz",
      "integrity": "sha1-F0uSaHNVNP+8es5r9TpanhtcX18="
    },
    "querystringify": {
      "version": "2.2.0",
      "resolved": "https://registry.npm.taobao.org/querystringify/download/querystringify-2.2.0.tgz?cache=0&sync_timestamp=1597687052330&other_urls=https%3A%2F%2Fregistry.npm.taobao.org%2Fquerystringify%2Fdownload%2Fquerystringify-2.2.0.tgz",
      "integrity": "sha1-M0WUG0FTy50ILY7uTNogFqmu9/Y="
    },
    "requires-port": {
      "version": "1.0.0",
      "resolved": "https://registry.npm.taobao.org/requires-port/download/requires-port-1.0.0.tgz",
      "integrity": "sha1-kl0mAdOaxIXgkc8NpcbmlNw9yv8="
    },
    "rimraf": {
      "version": "3.0.2",
      "resolved": "https://registry.npm.taobao.org/rimraf/download/rimraf-3.0.2.tgz",
      "integrity": "sha1-8aVAK6YiCtUswSgrrBrjqkn9Bho=",
      "requires": {
        "glob": "^7.1.3"
      }
    },
    "rsvp": {
      "version": "4.8.5",
      "resolved": "https://registry.npm.taobao.org/rsvp/download/rsvp-4.8.5.tgz",
      "integrity": "sha1-yPFVMR0Wf2jyHhaN9x7FsIMRNzQ="
    },
    "safer-buffer": {
      "version": "2.1.2",
      "resolved": "https://registry.nlark.com/safer-buffer/download/safer-buffer-2.1.2.tgz",
      "integrity": "sha1-RPoWGwGHuVSd2Eu5GAL5vYOFzWo="
    },
    "semver": {
      "version": "6.3.0",
      "resolved": "https://registry.npm.taobao.org/semver/download/semver-6.3.0.tgz?cache=0&sync_timestamp=1616463641178&other_urls=https%3A%2F%2Fregistry.npm.taobao.org%2Fsemver%2Fdownload%2Fsemver-6.3.0.tgz",
      "integrity": "sha1-7gpkyK9ejO6mdoexM3YeG+y9HT0="
    },
    "simple-lru-cache": {
      "version": "0.0.2",
      "resolved": "https://registry.npm.taobao.org/simple-lru-cache/download/simple-lru-cache-0.0.2.tgz",
      "integrity": "sha1-1ZzDoZPBpdAyD4Tucy9uRxPlEd0="
    },
    "textextensions": {
      "version": "2.6.0",
      "resolved": "https://registry.nlark.com/textextensions/download/textextensions-2.6.0.tgz",
      "integrity": "sha1-1+SrE/5U4y4IhzvkDVG3QimwD8Q="
    },
    "url-parse": {
      "version": "1.5.3",
      "resolved": "https://registry.nlark.com/url-parse/download/url-parse-1.5.3.tgz?cache=0&sync_timestamp=1627251248997&other_urls=https%3A%2F%2Fregistry.nlark.com%2Furl-parse%2Fdownload%2Furl-parse-1.5.3.tgz",
      "integrity": "sha1-ccEwPTj7Zjmt4YPCmSyMwGht+GI=",
      "requires": {
        "querystringify": "^2.1.1",
        "requires-port": "^1.0.0"
      }
    },
    "username-sync": {
      "version": "1.0.3",
      "resolved": "https://registry.nlark.com/username-sync/download/username-sync-1.0.3.tgz",
      "integrity": "sha1-rkHFyKTIwuzBRDp9B0J0K9fjZzI="
    },
    "uuid": {
      "version": "3.4.0",
      "resolved": "https://registry.nlark.com/uuid/download/uuid-3.4.0.tgz?cache=0&sync_timestamp=1622213136953&other_urls=https%3A%2F%2Fregistry.nlark.com%2Fuuid%2Fdownload%2Fuuid-3.4.0.tgz",
      "integrity": "sha1-sj5DWK+oogL+ehAK8fX4g/AgB+4="
    },
    "when": {
      "version": "3.7.8",
      "resolved": "https://registry.npm.taobao.org/when/download/when-3.7.8.tgz",
      "integrity": "sha1-xxMLan6gRpPoQs3J56Hyqjmjn4I="
    },
    "which": {
      "version": "1.3.1",
      "resolved": "https://registry.nlark.com/which/download/which-1.3.1.tgz",
      "integrity": "sha1-pFBD1U9YBTFtqNYvn1CRjT2nCwo=",
      "requires": {
        "isexe": "^2.0.0"
      }
    },
    "wrappy": {
      "version": "1.0.2",
      "resolved": "https://registry.nlark.com/wrappy/download/wrappy-1.0.2.tgz",
      "integrity": "sha1-tSQ9jz7BqjXxNkYFvA0QNuMKtp8="
    },
    "ws": {
      "version": "7.5.3",
      "resolved": "https://registry.nlark.com/ws/download/ws-7.5.3.tgz?cache=0&sync_timestamp=1628712703768&other_urls=https%3A%2F%2Fregistry.nlark.com%2Fws%2Fdownload%2Fws-7.5.3.tgz",
      "integrity": "sha1-Fgg1tjx9l7+rQY/BuKn87SrAGnQ="
    }
  }
}
